
Microsoft Visual Studio Solution File, Format Version 12.00
# Visual Studio Version 17
VisualStudioVersion = 17.0.31903.59
MinimumVisualStudioVersion = 10.0.40219.1
Project("{2150E333-8FDC-42A3-9474-1A3956D46DE8}") = "shared", "shared", "{4F52FD11-658E-A102-6CD3-7D7C16FFA15B}"
EndProject
Project("{FAE04EC0-301F-11D3-BF4B-00C04F79EFBC}") = "Shared.Contratos", "shared\Shared.Contratos\Shared.Contratos.csproj", "{4A39513C-B926-47B6-9D52-1D8B35C35F4D}"
EndProject
Project("{2150E333-8FDC-42A3-9474-1A3956D46DE8}") = "services", "services", "{5854FF58-B8C5-05C6-5BF2-ACE42193F22B}"
EndProject
Project("{2150E333-8FDC-42A3-9474-1A3956D46DE8}") = "identidade", "identidade", "{9DB0CAB9-21AE-D6DD-67A5-CC9FF693AC0D}"
EndProject
Project("{FAE04EC0-301F-11D3-BF4B-00C04F79EFBC}") = "Identidade.Domain", "services\identidade\Identidade.Domain\Identidade.Domain.csproj", "{D153B9A1-5972-40AB-8A2D-8CBBD25CB291}"
EndProject
Project("{FAE04EC0-301F-11D3-BF4B-00C04F79EFBC}") = "Identidade.Application", "services\identidade\Identidade.Application\Identidade.Application.csproj", "{9961A398-E5C8-4A07-B8AF-7F1FFCF49DFF}"
EndProject
Project("{FAE04EC0-301F-11D3-BF4B-00C04F79EFBC}") = "Identidade.Infrastructure", "services\identidade\Identidade.Infrastructure\Identidade.Infrastructure.csproj", "{97C467A3-9303-46ED-84AB-6B2BBDA10F7C}"
EndProject
Project("{FAE04EC0-301F-11D3-BF4B-00C04F79EFBC}") = "Identidade.Api", "services\identidade\Identidade.Api\Identidade.Api.csproj", "{112B0537-3C00-4DCE-892E-DCA325490461}"
EndProject
Project("{2150E333-8FDC-42A3-9474-1A3956D46DE8}") = "catalogo", "catalogo", "{4AC3AB22-1C3A-2441-B628-2DC3996B314D}"
EndProject
Project("{FAE04EC0-301F-11D3-BF4B-00C04F79EFBC}") = "Catalogo.Domain", "services\catalogo\Catalogo.Domain\Catalogo.Domain.csproj", "{94DBB433-C1C5-439B-ACA2-4A8A4508E65A}"
EndProject
Project("{FAE04EC0-301F-11D3-BF4B-00C04F79EFBC}") = "Catalogo.Application", "services\catalogo\Catalogo.Application\Catalogo.Application.csproj", "{7909E83D-DFCD-40E4-BA55-96768651C45A}"
EndProject
Project("{FAE04EC0-301F-11D3-BF4B-00C04F79EFBC}") = "Catalogo.Infrastructure", "services\catalogo\Catalogo.Infrastructure\Catalogo.Infrastructure.csproj", "{27D485DF-4BD6-4EB4-855B-C4A386254536}"
EndProject
Project("{FAE04EC0-301F-11D3-BF4B-00C04F79EFBC}") = "Catalogo.Api", "services\catalogo\Catalogo.Api\Catalogo.Api.csproj", "{489812C1-D9C7-4E0A-851A-EE369259F981}"
EndProject
Project("{2150E333-8FDC-42A3-9474-1A3956D46DE8}") = "estoque", "estoque", "{11065C80-8AE5-8186-8FB7-D19F23718753}"
EndProject
Project("{FAE04EC0-301F-11D3-BF4B-00C04F79EFBC}") = "Estoque.Domain", "services\estoque\Estoque.Domain\Estoque.Domain.csproj", "{71EA43A6-FC99-43FB-A530-A299599FB30F}"
EndProject
Project("{FAE04EC0-301F-11D3-BF4B-00C04F79EFBC}") = "Estoque.Application", "services\estoque\Estoque.Application\Estoque.Application.csproj", "{1F2CFCB1-3158-4081-84A9-D9741CD635EC}"
EndProject
Project("{FAE04EC0-301F-11D3-BF4B-00C04F79EFBC}") = "Estoque.Infrastructure", "services\estoque\Estoque.Infrastructure\Estoque.Infrastructure.csproj", "{E62BB4F8-B24D-4124-B20C-278C75D0567D}"
EndProject
Project("{FAE04EC0-301F-11D3-BF4B-00C04F79EFBC}") = "Estoque.Api", "services\estoque\Estoque.Api\Estoque.Api.csproj", "{1C1AA93E-6BCC-4A1B-A47E-F16FC1588250}"
EndProject
Project("{2150E333-8FDC-42A3-9474-1A3956D46DE8}") = "pedidos", "pedidos", "{6FE0BBF4-0EDE-4DDC-218A-B60C7B77A146}"
EndProject
Project("{FAE04EC0-301F-11D3-BF4B-00C04F79EFBC}") = "Pedidos.Domain", "services\pedidos\Pedidos.Domain\Pedidos.Domain.csproj", "{E8437A15-E890-4DF3-8032-974417C48C2B}"
EndProject
Project("{FAE04EC0-301F-11D3-BF4B-00C04F79EFBC}") = "Pedidos.Application", "services\pedidos\Pedidos.Application\Pedidos.Application.csproj", "{59F3FB61-01BD-4BE7-B4E6-6F949DDD438A}"
EndProject
Project("{FAE04EC0-301F-11D3-BF4B-00C04F79EFBC}") = "Pedidos.Infrastructure", "services\pedidos\Pedidos.Infrastructure\Pedidos.Infrastructure.csproj", "{8E4CCE80-BA77-48A4-AAFF-E36F3F8906E2}"
EndProject
Project("{FAE04EC0-301F-11D3-BF4B-00C04F79EFBC}") = "Pedidos.Api", "services\pedidos\Pedidos.Api\Pedidos.Api.csproj", "{25D7DD61-8ECD-4AD2-AEE9-DDDD6C20A162}"
EndProject
Project("{2150E333-8FDC-42A3-9474-1A3956D46DE8}") = "gateway", "gateway", "{E7BDDBC6-9FD1-D1D7-ACD8-2C4F8E3D2461}"
EndProject
Project("{FAE04EC0-301F-11D3-BF4B-00C04F79EFBC}") = "Gateway.Api", "gateway\Gateway.Api\Gateway.Api.csproj", "{B426879A-852C-48CE-A6C7-B0DE1207789A}"
EndProject
Project("{2150E333-8FDC-42A3-9474-1A3956D46DE8}") = "tests", "tests", "{0AB3BF05-4346-4AA6-1389-037BE0695223}"
EndProject
Project("{FAE04EC0-301F-11D3-BF4B-00C04F79EFBC}") = "Identidade.Tests", "tests\Identidade.Tests\Identidade.Tests.csproj", "{5B57F3E4-83C2-47AC-AF35-215A9260213B}"
EndProject
Project("{FAE04EC0-301F-11D3-BF4B-00C04F79EFBC}") = "Catalogo.Tests", "tests\Catalogo.Tests\Catalogo.Tests.csproj", "{FA80A6FF-9A68-47FE-B0B5-5E2609FD80C7}"
EndProject
Project("{FAE04EC0-301F-11D3-BF4B-00C04F79EFBC}") = "Estoque.Tests", "tests\Estoque.Tests\Estoque.Tests.csproj", "{A0D34599-868F-4CCB-9F41-68D4C65CA4C5}"
EndProject
Project("{FAE04EC0-301F-11D3-BF4B-00C04F79EFBC}") = "Pedidos.Tests", "tests\Pedidos.Tests\Pedidos.Tests.csproj", "{6DE5D74D-577E-4097-8634-3E7A4A9FAD79}"
EndProject
Global
	GlobalSection(SolutionConfigurationPlatforms) = preSolution
		Debug|Any CPU = Debug|Any CPU
		Debug|x64 = Debug|x64
		Debug|x86 = Debug|x86
		Release|Any CPU = Release|Any CPU
		Release|x64 = Release|x64
		Release|x86 = Release|x86
	EndGlobalSection
	GlobalSection(ProjectConfigurationPlatforms) = postSolution
		{4A39513C-B926-47B6-9D52-1D8B35C35F4D}.Debug|Any CPU.ActiveCfg = Debug|Any CPU
		{4A39513C-B926-47B6-9D52-1D8B35C35F4D}.Debug|Any CPU.Build.0 = Debug|Any CPU
		{4A39513C-B926-47B6-9D52-1D8B35C35F4D}.Debug|x64.ActiveCfg = Debug|Any CPU
		{4A39513C-B926-47B6-9D52-1D8B35C35F4D}.Debug|x64.Build.0 = Debug|Any CPU
		{4A39513C-B926-47B6-9D52-1D8B35C35F4D}.Debug|x86.ActiveCfg = Debug|Any CPU
		{4A39513C-B926-47B6-9D52-1D8B35C35F4D}.Debug|x86.Build.0 = Debug|Any CPU
		{4A39513C-B926-47B6-9D52-1D8B35C35F4D}.Release|Any CPU.ActiveCfg = Release|Any CPU
		{4A39513C-B926-47B6-9D52-1D8B35C35F4D}.Release|Any CPU.Build.0 = Release|Any CPU
		{4A39513C-B926-47B6-9D52-1D8B35C35F4D}.Release|x64.ActiveCfg = Release|Any CPU
		{4A39513C-B926-47B6-9D52-1D8B35C35F4D}.Release|x64.Build.0 = Release|Any CPU
		{4A39513C-B926-47B6-9D52-1D8B35C35F4D}.Release|x86.ActiveCfg = Release|Any CPU
		{4A39513C-B926-47B6-9D52-1D8B35C35F4D}.Release|x86.Build.0 = Release|Any CPU
		{D153B9A1-5972-40AB-8A2D-8CBBD25CB291}.Debug|Any CPU.ActiveCfg = Debug|Any CPU
		{D153B9A1-5972-40AB-8A2D-8CBBD25CB291}.Debug|Any CPU.Build.0 = Debug|Any CPU
		{D153B9A1-5972-40AB-8A2D-8CBBD25CB291}.Debug|x64.ActiveCfg = Debug|Any CPU
		{D153B9A1-5972-40AB-8A2D-8CBBD25CB291}.Debug|x64.Build.0 = Debug|Any CPU
		{D153B9A1-5972-40AB-8A2D-8CBBD25CB291}.Debug|x86.ActiveCfg = Debug|Any CPU
		{D153B9A1-5972-40AB-8A2D-8CBBD25CB291}.Debug|x86.Build.0 = Debug|Any CPU
		{D153B9A1-5972-40AB-8A2D-8CBBD25CB291}.Release|Any CPU.ActiveCfg = Release|Any CPU
		{D153B9A1-5972-40AB-8A2D-8CBBD25CB291}.Release|Any CPU.Build.0 = Release|Any CPU
		{D153B9A1-5972-40AB-8A2D-8CBBD25CB291}.Release|x64.ActiveCfg = Release|Any CPU
		{D153B9A1-5972-40AB-8A2D-8CBBD25CB291}.Release|x64.Build.0 = Release|Any CPU
		{D153B9A1-5972-40AB-8A2D-8CBBD25CB291}.Release|x86.ActiveCfg = Release|Any CPU
		{D153B9A1-5972-40AB-8A2D-8CBBD25CB291}.Release|x86.Build.0 = Release|Any CPU
		{9961A398-E5C8-4A07-B8AF-7F1FFCF49DFF}.Debug|Any CPU.ActiveCfg = Debug|Any CPU
		{9961A398-E5C8-4A07-B8AF-7F1FFCF49DFF}.Debug|Any CPU.Build.0 = Debug|Any CPU
		{9961A398-E5C8-4A07-B8AF-7F1FFCF49DFF}.Debug|x64.ActiveCfg = Debug|Any CPU
		{9961A398-E5C8-4A07-B8AF-7F1FFCF49DFF}.Debug|x64.Build.0 = Debug|Any CPU
		{9961A398-E5C8-4A07-B8AF-7F1FFCF49DFF}.Debug|x86.ActiveCfg = Debug|Any CPU
		{9961A398-E5C8-4A07-B8AF-7F1FFCF49DFF}.Debug|x86.Build.0 = Debug|Any CPU
		{9961A398-E5C8-4A07-B8AF-7F1FFCF49DFF}.Release|Any CPU.ActiveCfg = Release|Any CPU
		{9961A398-E5C8-4A07-B8AF-7F1FFCF49DFF}.Release|Any CPU.Build.0 = Release|Any CPU
		{9961A398-E5C8-4A07-B8AF-7F1FFCF49DFF}.Release|x64.ActiveCfg = Release|Any CPU
		{9961A398-E5C8-4A07-B8AF-7F1FFCF49DFF}.Release|x64.Build.0 = Release|Any CPU
		{9961A398-E5C8-4A07-B8AF-7F1FFCF49DFF}.Release|x86.ActiveCfg = Release|Any CPU
		{9961A398-E5C8-4A07-B8AF-7F1FFCF49DFF}.Release|x86.Build.0 = Release|Any CPU
		{97C467A3-9303-46ED-84AB-6B2BBDA10F7C}.Debug|Any CPU.ActiveCfg = Debug|Any CPU
		{97C467A3-9303-46ED-84AB-6B2BBDA10F7C}.Debug|Any CPU.Build.0 = Debug|Any CPU
		{97C467A3-9303-46ED-84AB-6B2BBDA10F7C}.Debug|x64.ActiveCfg = Debug|Any CPU
		{97C467A3-9303-46ED-84AB-6B2BBDA10F7C}.Debug|x64.Build.0 = Debug|Any CPU
		{97C467A3-9303-46ED-84AB-6B2BBDA10F7C}.Debug|x86.ActiveCfg = Debug|Any CPU
		{97C467A3-9303-46ED-84AB-6B2BBDA10F7C}.Debug|x86.Build.0 = Debug|Any CPU
		{97C467A3-9303-46ED-84AB-6B2BBDA10F7C}.Release|Any CPU.ActiveCfg = Release|Any CPU
		{97C467A3-9303-46ED-84AB-6B2BBDA10F7C}.Release|Any CPU.Build.0 = Release|Any CPU
		{97C467A3-9303-46ED-84AB-6B2BBDA10F7C}.Release|x64.ActiveCfg = Release|Any CPU
		{97C467A3-9303-46ED-84AB-6B2BBDA10F7C}.Release|x64.Build.0 = Release|Any CPU
		{97C467A3-9303-46ED-84AB-6B2BBDA10F7C}.Release|x86.ActiveCfg = Release|Any CPU
		{97C467A3-9303-46ED-84AB-6B2BBDA10F7C}.Release|x86.Build.0 = Release|Any CPU
		{112B0537-3C00-4DCE-892E-DCA325490461}.Debug|Any CPU.ActiveCfg = Debug|Any CPU
		{112B0537-3C00-4DCE-892E-DCA325490461}.Debug|Any CPU.Build.0 = Debug|Any CPU
		{112B0537-3C00-4DCE-892E-DCA325490461}.Debug|x64.ActiveCfg = Debug|Any CPU
		{112B0537-3C00-4DCE-892E-DCA325490461}.Debug|x64.Build.0 = Debug|Any CPU
		{112B0537-3C00-4DCE-892E-DCA325490461}.Debug|x86.ActiveCfg = Debug|Any CPU
		{112B0537-3C00-4DCE-892E-DCA325490461}.Debug|x86.Build.0 = Debug|Any CPU
		{112B0537-3C00-4DCE-892E-DCA325490461}.Release|Any CPU.ActiveCfg = Release|Any CPU
		{112B0537-3C00-4DCE-892E-DCA325490461}.Release|Any CPU.Build.0 = Release|Any CPU
		{112B0537-3C00-4DCE-892E-DCA325490461}.Release|x64.ActiveCfg = Release|Any CPU
		{112B0537-3C00-4DCE-892E-DCA325490461}.Release|x64.Build.0 = Release|Any CPU
		{112B0537-3C00-4DCE-892E-DCA325490461}.Release|x86.ActiveCfg = Release|Any CPU
		{112B0537-3C00-4DCE-892E-DCA325490461}.Release|x86.Build.0 = Release|Any CPU
		{94DBB433-C1C5-439B-ACA2-4A8A4508E65A}.Debug|Any CPU.ActiveCfg = Debug|Any CPU
		{94DBB433-C1C5-439B-ACA2-4A8A4508E65A}.Debug|Any CPU.Build.0 = Debug|Any CPU
		{94DBB433-C1C5-439B-ACA2-4A8A4508E65A}.Debug|x64.ActiveCfg = Debug|Any CPU
		{94DBB433-C1C5-439B-ACA2-4A8A4508E65A}.Debug|x64.Build.0 = Debug|Any CPU
		{94DBB433-C1C5-439B-ACA2-4A8A4508E65A}.Debug|x86.ActiveCfg = Debug|Any CPU
		{94DBB433-C1C5-439B-ACA2-4A8A4508E65A}.Debug|x86.Build.0 = Debug|Any CPU
		{94DBB433-C1C5-439B-ACA2-4A8A4508E65A}.Release|Any CPU.ActiveCfg = Release|Any CPU
		{94DBB433-C1C5-439B-ACA2-4A8A4508E65A}.Release|Any CPU.Build.0 = Release|Any CPU
		{94DBB433-C1C5-439B-ACA2-4A8A4508E65A}.Release|x64.ActiveCfg = Release|Any CPU
		{94DBB433-C1C5-439B-ACA2-4A8A4508E65A}.Release|x64.Build.0 = Release|Any CPU
		{94DBB433-C1C5-439B-ACA2-4A8A4508E65A}.Release|x86.ActiveCfg = Release|Any CPU
		{94DBB433-C1C5-439B-ACA2-4A8A4508E65A}.Release|x86.Build.0 = Release|Any CPU
		{7909E83D-DFCD-40E4-BA55-96768651C45A}.Debug|Any CPU.ActiveCfg = Debug|Any CPU
		{7909E83D-DFCD-40E4-BA55-96768651C45A}.Debug|Any CPU.Build.0 = Debug|Any CPU
		{7909E83D-DFCD-40E4-BA55-96768651C45A}.Debug|x64.ActiveCfg = Debug|Any CPU
		{7909E83D-DFCD-40E4-BA55-96768651C45A}.Debug|x64.Build.0 = Debug|Any CPU
		{7909E83D-DFCD-40E4-BA55-96768651C45A}.Debug|x86.ActiveCfg = Debug|Any CPU
		{7909E83D-DFCD-40E4-BA55-96768651C45A}.Debug|x86.Build.0 = Debug|Any CPU
		{7909E83D-DFCD-40E4-BA55-96768651C45A}.Release|Any CPU.ActiveCfg = Release|Any CPU
		{7909E83D-DFCD-40E4-BA55-96768651C45A}.Release|Any CPU.Build.0 = Release|Any CPU
		{7909E83D-DFCD-40E4-BA55-96768651C45A}.Release|x64.ActiveCfg = Release|Any CPU
		{7909E83D-DFCD-40E4-BA55-96768651C45A}.Release|x64.Build.0 = Release|Any CPU
		{7909E83D-DFCD-40E4-BA55-96768651C45A}.Release|x86.ActiveCfg = Release|Any CPU
		{7909E83D-DFCD-40E4-BA55-96768651C45A}.Release|x86.Build.0 = Release|Any CPU
		{27D485DF-4BD6-4EB4-855B-C4A386254536}.Debug|Any CPU.ActiveCfg = Debug|Any CPU
		{27D485DF-4BD6-4EB4-855B-C4A386254536}.Debug|Any CPU.Build.0 = Debug|Any CPU
		{27D485DF-4BD6-4EB4-855B-C4A386254536}.Debug|x64.ActiveCfg = Debug|Any CPU
		{27D485DF-4BD6-4EB4-855B-C4A386254536}.Debug|x64.Build.0 = Debug|Any CPU
		{27D485DF-4BD6-4EB4-855B-C4A386254536}.Debug|x86.ActiveCfg = Debug|Any CPU
		{27D485DF-4BD6-4EB4-855B-C4A386254536}.Debug|x86.Build.0 = Debug|Any CPU
		{27D485DF-4BD6-4EB4-855B-C4A386254536}.Release|Any CPU.ActiveCfg = Release|Any CPU
		{27D485DF-4BD6-4EB4-855B-C4A386254536}.Release|Any CPU.Build.0 = Release|Any CPU
		{27D485DF-4BD6-4EB4-855B-C4A386254536}.Release|x64.ActiveCfg = Release|Any CPU
		{27D485DF-4BD6-4EB4-855B-C4A386254536}.Release|x64.Build.0 = Release|Any CPU
		{27D485DF-4BD6-4EB4-855B-C4A386254536}.Release|x86.ActiveCfg = Release|Any CPU
		{27D485DF-4BD6-4EB4-855B-C4A386254536}.Release|x86.Build.0 = Release|Any CPU
		{489812C1-D9C7-4E0A-851A-EE369259F981}.Debug|Any CPU.ActiveCfg = Debug|Any CPU
		{489812C1-D9C7-4E0A-851A-EE369259F981}.Debug|Any CPU.Build.0 = Debug|Any CPU
		{489812C1-D9C7-4E0A-851A-EE369259F981}.Debug|x64.ActiveCfg = Debug|Any CPU
		{489812C1-D9C7-4E0A-851A-EE369259F981}.Debug|x64.Build.0 = Debug|Any CPU
		{489812C1-D9C7-4E0A-851A-EE369259F981}.Debug|x86.ActiveCfg = Debug|Any CPU
		{489812C1-D9C7-4E0A-851A-EE369259F981}.Debug|x86.Build.0 = Debug|Any CPU
		{489812C1-D9C7-4E0A-851A-EE369259F981}.Release|Any CPU.ActiveCfg = Release|Any CPU
		{489812C1-D9C7-4E0A-851A-EE369259F981}.Release|Any CPU.Build.0 = Release|Any CPU
		{489812C1-D9C7-4E0A-851A-EE369259F981}.Release|x64.ActiveCfg = Release|Any CPU
		{489812C1-D9C7-4E0A-851A-EE369259F981}.Release|x64.Build.0 = Release|Any CPU
		{489812C1-D9C7-4E0A-851A-EE369259F981}.Release|x86.ActiveCfg = Release|Any CPU
		{489812C1-D9C7-4E0A-851A-EE369259F981}.Release|x86.Build.0 = Release|Any CPU
		{71EA43A6-FC99-43FB-A530-A299599FB30F}.Debug|Any CPU.ActiveCfg = Debug|Any CPU
		{71EA43A6-FC99-43FB-A530-A299599FB30F}.Debug|Any CPU.Build.0 = Debug|Any CPU
		{71EA43A6-FC99-43FB-A530-A299599FB30F}.Debug|x64.ActiveCfg = Debug|Any CPU
		{71EA43A6-FC99-43FB-A530-A299599FB30F}.Debug|x64.Build.0 = Debug|Any CPU
		{71EA43A6-FC99-43FB-A530-A299599FB30F}.Debug|x86.ActiveCfg = Debug|Any CPU
		{71EA43A6-FC99-43FB-A530-A299599FB30F}.Debug|x86.Build.0 = Debug|Any CPU
		{71EA43A6-FC99-43FB-A530-A299599FB30F}.Release|Any CPU.ActiveCfg = Release|Any CPU
		{71EA43A6-FC99-43FB-A530-A299599FB30F}.Release|Any CPU.Build.0 = Release|Any CPU
		{71EA43A6-FC99-43FB-A530-A299599FB30F}.Release|x64.ActiveCfg = Release|Any CPU
		{71EA43A6-FC99-43FB-A530-A299599FB30F}.Release|x64.Build.0 = Release|Any CPU
		{71EA43A6-FC99-43FB-A530-A299599FB30F}.Release|x86.ActiveCfg = Release|Any CPU
		{71EA43A6-FC99-43FB-A530-A299599FB30F}.Release|x86.Build.0 = Release|Any CPU
		{1F2CFCB1-3158-4081-84A9-D9741CD635EC}.Debug|Any CPU.ActiveCfg = Debug|Any CPU
		{1F2CFCB1-3158-4081-84A9-D9741CD635EC}.Debug|Any CPU.Build.0 = Debug|Any CPU
		{1F2CFCB1-3158-4081-84A9-D9741CD635EC}.Debug|x64.ActiveCfg = Debug|Any CPU
		{1F2CFCB1-3158-4081-84A9-D9741CD635EC}.Debug|x64.Build.0 = Debug|Any CPU
		{1F2CFCB1-3158-4081-84A9-D9741CD635EC}.Debug|x86.ActiveCfg = Debug|Any CPU
		{1F2CFCB1-3158-4081-84A9-D9741CD635EC}.Debug|x86.Build.0 = Debug|Any CPU
		{1F2CFCB1-3158-4081-84A9-D9741CD635EC}.Release|Any CPU.ActiveCfg = Release|Any CPU
		{1F2CFCB1-3158-4081-84A9-D9741CD635EC}.Release|Any CPU.Build.0 = Release|Any CPU
		{1F2CFCB1-3158-4081-84A9-D9741CD635EC}.Release|x64.ActiveCfg = Release|Any CPU
		{1F2CFCB1-3158-4081-84A9-D9741CD635EC}.Release|x64.Build.0 = Release|Any CPU
		{1F2CFCB1-3158-4081-84A9-D9741CD635EC}.Release|x86.ActiveCfg = Release|Any CPU
		{1F2CFCB1-3158-4081-84A9-D9741CD635EC}.Release|x86.Build.0 = Release|Any CPU
		{E62BB4F8-B24D-4124-B20C-278C75D0567D}.Debug|Any CPU.ActiveCfg = Debug|Any CPU
		{E62BB4F8-B24D-4124-B20C-278C75D0567D}.Debug|Any CPU.Build.0 = Debug|Any CPU
		{E62BB4F8-B24D-4124-B20C-278C75D0567D}.Debug|x64.ActiveCfg = Debug|Any CPU
		{E62BB4F8-B24D-4124-B20C-278C75D0567D}.Debug|x64.Build.0 = Debug|Any CPU
		{E62BB4F8-B24D-4124-B20C-278C75D0567D}.Debug|x86.ActiveCfg = Debug|Any CPU
		{E62BB4F8-B24D-4124-B20C-278C75D0567D}.Debug|x86.Build.0 = Debug|Any CPU
		{E62BB4F8-B24D-4124-B20C-278C75D0567D}.Release|Any CPU.ActiveCfg = Release|Any CPU
		{E62BB4F8-B24D-4124-B20C-278C75D0567D}.Release|Any CPU.Build.0 = Release|Any CPU
		{E62BB4F8-B24D-4124-B20C-278C75D0567D}.Release|x64.ActiveCfg = Release|Any CPU
		{E62BB4F8-B24D-4124-B20C-278C75D0567D}.Release|x64.Build.0 = Release|Any CPU
		{E62BB4F8-B24D-4124-B20C-278C75D0567D}.Release|x86.ActiveCfg = Release|Any CPU
		{E62BB4F8-B24D-4124-B20C-278C75D0567D}.Release|x86.Build.0 = Release|Any CPU
		{1C1AA93E-6BCC-4A1B-A47E-F16FC1588250}.Debug|Any CPU.ActiveCfg = Debug|Any CPU
		{1C1AA93E-6BCC-4A1B-A47E-F16FC1588250}.Debug|Any CPU.Build.0 = Debug|Any CPU
		{1C1AA93E-6BCC-4A1B-A47E-F16FC1588250}.Debug|x64.ActiveCfg = Debug|Any CPU
		{1C1AA93E-6BCC-4A1B-A47E-F16FC1588250}.Debug|x64.Build.0 = Debug|Any CPU
		{1C1AA93E-6BCC-4A1B-A47E-F16FC1588250}.Debug|x86.ActiveCfg = Debug|Any CPU
		{1C1AA93E-6BCC-4A1B-A47E-F16FC1588250}.Debug|x86.Build.0 = Debug|Any CPU
		{1C1AA93E-6BCC-4A1B-A47E-F16FC1588250}.Release|Any CPU.ActiveCfg = Release|Any CPU
		{1C1AA93E-6BCC-4A1B-A47E-F16FC1588250}.Release|Any CPU.Build.0 = Release|Any CPU
		{1C1AA93E-6BCC-4A1B-A47E-F16FC1588250}.Release|x64.ActiveCfg = Release|Any CPU
		{1C1AA93E-6BCC-4A1B-A47E-F16FC1588250}.Release|x64.Build.0 = Release|Any CPU
		{1C1AA93E-6BCC-4A1B-A47E-F16FC1588250}.Release|x86.ActiveCfg = Release|Any CPU
		{1C1AA93E-6BCC-4A1B-A47E-F16FC1588250}.Release|x86.Build.0 = Release|Any CPU
		{E8437A15-E890-4DF3-8032-974417C48C2B}.Debug|Any CPU.ActiveCfg = Debug|Any CPU
		{E8437A15-E890-4DF3-8032-974417C48C2B}.Debug|Any CPU.Build.0 = Debug|Any CPU
		{E8437A15-E890-4DF3-8032-974417C48C2B}.Debug|x64.ActiveCfg = Debug|Any CPU
		{E8437A15-E890-4DF3-8032-974417C48C2B}.Debug|x64.Build.0 = Debug|Any CPU
		{E8437A15-E890-4DF3-8032-974417C48C2B}.Debug|x86.ActiveCfg = Debug|Any CPU
		{E8437A15-E890-4DF3-8032-974417C48C2B}.Debug|x86.Build.0 = Debug|Any CPU
		{E8437A15-E890-4DF3-8032-974417C48C2B}.Release|Any CPU.ActiveCfg = Release|Any CPU
		{E8437A15-E890-4DF3-8032-974417C48C2B}.Release|Any CPU.Build.0 = Release|Any CPU
		{E8437A15-E890-4DF3-8032-974417C48C2B}.Release|x64.ActiveCfg = Release|Any CPU
		{E8437A15-E890-4DF3-8032-974417C48C2B}.Release|x64.Build.0 = Release|Any CPU
		{E8437A15-E890-4DF3-8032-974417C48C2B}.Release|x86.ActiveCfg = Release|Any CPU
		{E8437A15-E890-4DF3-8032-974417C48C2B}.Release|x86.Build.0 = Release|Any CPU
		{59F3FB61-01BD-4BE7-B4E6-6F949DDD438A}.Debug|Any CPU.ActiveCfg = Debug|Any CPU
		{59F3FB61-01BD-4BE7-B4E6-6F949DDD438A}.Debug|Any CPU.Build.0 = Debug|Any CPU
		{59F3FB61-01BD-4BE7-B4E6-6F949DDD438A}.Debug|x64.ActiveCfg = Debug|Any CPU
		{59F3FB61-01BD-4BE7-B4E6-6F949DDD438A}.Debug|x64.Build.0 = Debug|Any CPU
		{59F3FB61-01BD-4BE7-B4E6-6F949DDD438A}.Debug|x86.ActiveCfg = Debug|Any CPU
		{59F3FB61-01BD-4BE7-B4E6-6F949DDD438A}.Debug|x86.Build.0 = Debug|Any CPU
		{59F3FB61-01BD-4BE7-B4E6-6F949DDD438A}.Release|Any CPU.ActiveCfg = Release|Any CPU
		{59F3FB61-01BD-4BE7-B4E6-6F949DDD438A}.Release|Any CPU.Build.0 = Release|Any CPU
		{59F3FB61-01BD-4BE7-B4E6-6F949DDD438A}.Release|x64.ActiveCfg = Release|Any CPU
		{59F3FB61-01BD-4BE7-B4E6-6F949DDD438A}.Release|x64.Build.0 = Release|Any CPU
		{59F3FB61-01BD-4BE7-B4E6-6F949DDD438A}.Release|x86.ActiveCfg = Release|Any CPU
		{59F3FB61-01BD-4BE7-B4E6-6F949DDD438A}.Release|x86.Build.0 = Release|Any CPU
		{8E4CCE80-BA77-48A4-AAFF-E36F3F8906E2}.Debug|Any CPU.ActiveCfg = Debug|Any CPU
		{8E4CCE80-BA77-48A4-AAFF-E36F3F8906E2}.Debug|Any CPU.Build.0 = Debug|Any CPU
		{8E4CCE80-BA77-48A4-AAFF-E36F3F8906E2}.Debug|x64.ActiveCfg = Debug|Any CPU
		{8E4CCE80-BA77-48A4-AAFF-E36F3F8906E2}.Debug|x64.Build.0 = Debug|Any CPU
		{8E4CCE80-BA77-48A4-AAFF-E36F3F8906E2}.Debug|x86.ActiveCfg = Debug|Any CPU
		{8E4CCE80-BA77-48A4-AAFF-E36F3F8906E2}.Debug|x86.Build.0 = Debug|Any CPU
		{8E4CCE80-BA77-48A4-AAFF-E36F3F8906E2}.Release|Any CPU.ActiveCfg = Release|Any CPU
		{8E4CCE80-BA77-48A4-AAFF-E36F3F8906E2}.Release|Any CPU.Build.0 = Release|Any CPU
		{8E4CCE80-BA77-48A4-AAFF-E36F3F8906E2}.Release|x64.ActiveCfg = Release|Any CPU
		{8E4CCE80-BA77-48A4-AAFF-E36F3F8906E2}.Release|x64.Build.0 = Release|Any CPU
		{8E4CCE80-BA77-48A4-AAFF-E36F3F8906E2}.Release|x86.ActiveCfg = Release|Any CPU
		{8E4CCE80-BA77-48A4-AAFF-E36F3F8906E2}.Release|x86.Build.0 = Release|Any CPU
		{25D7DD61-8ECD-4AD2-AEE9-DDDD6C20A162}.Debug|Any CPU.ActiveCfg = Debug|Any CPU
		{25D7DD61-8ECD-4AD2-AEE9-DDDD6C20A162}.Debug|Any CPU.Build.0 = Debug|Any CPU
		{25D7DD61-8ECD-4AD2-AEE9-DDDD6C20A162}.Debug|x64.ActiveCfg = Debug|Any CPU
		{25D7DD61-8ECD-4AD2-AEE9-DDDD6C20A162}.Debug|x64.Build.0 = Debug|Any CPU
		{25D7DD61-8ECD-4AD2-AEE9-DDDD6C20A162}.Debug|x86.ActiveCfg = Debug|Any CPU
		{25D7DD61-8ECD-4AD2-AEE9-DDDD6C20A162}.Debug|x86.Build.0 = Debug|Any CPU
		{25D7DD61-8ECD-4AD2-AEE9-DDDD6C20A162}.Release|Any CPU.ActiveCfg = Release|Any CPU
		{25D7DD61-8ECD-4AD2-AEE9-DDDD6C20A162}.Release|Any CPU.Build.0 = Release|Any CPU
		{25D7DD61-8ECD-4AD2-AEE9-DDDD6C20A162}.Release|x64.ActiveCfg = Release|Any CPU
		{25D7DD61-8ECD-4AD2-AEE9-DDDD6C20A162}.Release|x64.Build.0 = Release|Any CPU
		{25D7DD61-8ECD-4AD2-AEE9-DDDD6C20A162}.Release|x86.ActiveCfg = Release|Any CPU
		{25D7DD61-8ECD-4AD2-AEE9-DDDD6C20A162}.Release|x86.Build.0 = Release|Any CPU
		{B426879A-852C-48CE-A6C7-B0DE1207789A}.Debug|Any CPU.ActiveCfg = Debug|Any CPU
		{B426879A-852C-48CE-A6C7-B0DE1207789A}.Debug|Any CPU.Build.0 = Debug|Any CPU
		{B426879A-852C-48CE-A6C7-B0DE1207789A}.Debug|x64.ActiveCfg = Debug|Any CPU
		{B426879A-852C-48CE-A6C7-B0DE1207789A}.Debug|x64.Build.0 = Debug|Any CPU
		{B426879A-852C-48CE-A6C7-B0DE1207789A}.Debug|x86.ActiveCfg = Debug|Any CPU
		{B426879A-852C-48CE-A6C7-B0DE1207789A}.Debug|x86.Build.0 = Debug|Any CPU
		{B426879A-852C-48CE-A6C7-B0DE1207789A}.Release|Any CPU.ActiveCfg = Release|Any CPU
		{B426879A-852C-48CE-A6C7-B0DE1207789A}.Release|Any CPU.Build.0 = Release|Any CPU
		{B426879A-852C-48CE-A6C7-B0DE1207789A}.Release|x64.ActiveCfg = Release|Any CPU
		{B426879A-852C-48CE-A6C7-B0DE1207789A}.Release|x64.Build.0 = Release|Any CPU
		{B426879A-852C-48CE-A6C7-B0DE1207789A}.Release|x86.ActiveCfg = Release|Any CPU
		{B426879A-852C-48CE-A6C7-B0DE1207789A}.Release|x86.Build.0 = Release|Any CPU
		{5B57F3E4-83C2-47AC-AF35-215A9260213B}.Debug|Any CPU.ActiveCfg = Debug|Any CPU
		{5B57F3E4-83C2-47AC-AF35-215A9260213B}.Debug|Any CPU.Build.0 = Debug|Any CPU
		{5B57F3E4-83C2-47AC-AF35-215A9260213B}.Debug|x64.ActiveCfg = Debug|Any CPU
		{5B57F3E4-83C2-47AC-AF35-215A9260213B}.Debug|x64.Build.0 = Debug|Any CPU
		{5B57F3E4-83C2-47AC-AF35-215A9260213B}.Debug|x86.ActiveCfg = Debug|Any CPU
		{5B57F3E4-83C2-47AC-AF35-215A9260213B}.Debug|x86.Build.0 = Debug|Any CPU
		{5B57F3E4-83C2-47AC-AF35-215A9260213B}.Release|Any CPU.ActiveCfg = Release|Any CPU
		{5B57F3E4-83C2-47AC-AF35-215A9260213B}.Release|Any CPU.Build.0 = Release|Any CPU
		{5B57F3E4-83C2-47AC-AF35-215A9260213B}.Release|x64.ActiveCfg = Release|Any CPU
		{5B57F3E4-83C2-47AC-AF35-215A9260213B}.Release|x64.Build.0 = Release|Any CPU
		{5B57F3E4-83C2-47AC-AF35-215A9260213B}.Release|x86.ActiveCfg = Release|Any CPU
		{5B57F3E4-83C2-47AC-AF35-215A9260213B}.Release|x86.Build.0 = Release|Any CPU
		{FA80A6FF-9A68-47FE-B0B5-5E2609FD80C7}.Debug|Any CPU.ActiveCfg = Debug|Any CPU
		{FA80A6FF-9A68-47FE-B0B5-5E2609FD80C7}.Debug|Any CPU.Build.0 = Debug|Any CPU
		{FA80A6FF-9A68-47FE-B0B5-5E2609FD80C7}.Debug|x64.ActiveCfg = Debug|Any CPU
		{FA80A6FF-9A68-47FE-B0B5-5E2609FD80C7}.Debug|x64.Build.0 = Debug|Any CPU
		{FA80A6FF-9A68-47FE-B0B5-5E2609FD80C7}.Debug|x86.ActiveCfg = Debug|Any CPU
		{FA80A6FF-9A68-47FE-B0B5-5E2609FD80C7}.Debug|x86.Build.0 = Debug|Any CPU
		{FA80A6FF-9A68-47FE-B0B5-5E2609FD80C7}.Release|Any CPU.ActiveCfg = Release|Any CPU
		{FA80A6FF-9A68-47FE-B0B5-5E2609FD80C7}.Release|Any CPU.Build.0 = Release|Any CPU
		{FA80A6FF-9A68-47FE-B0B5-5E2609FD80C7}.Release|x64.ActiveCfg = Release|Any CPU
		{FA80A6FF-9A68-47FE-B0B5-5E2609FD80C7}.Release|x64.Build.0 = Release|Any CPU
		{FA80A6FF-9A68-47FE-B0B5-5E2609FD80C7}.Release|x86.ActiveCfg = Release|Any CPU
		{FA80A6FF-9A68-47FE-B0B5-5E2609FD80C7}.Release|x86.Build.0 = Release|Any CPU
		{A0D34599-868F-4CCB-9F41-68D4C65CA4C5}.Debug|Any CPU.ActiveCfg = Debug|Any CPU
		{A0D34599-868F-4CCB-9F41-68D4C65CA4C5}.Debug|Any CPU.Build.0 = Debug|Any CPU
		{A0D34599-868F-4CCB-9F41-68D4C65CA4C5}.Debug|x64.ActiveCfg = Debug|Any CPU
		{A0D34599-868F-4CCB-9F41-68D4C65CA4C5}.Debug|x64.Build.0 = Debug|Any CPU
		{A0D34599-868F-4CCB-9F41-68D4C65CA4C5}.Debug|x86.ActiveCfg = Debug|Any CPU
		{A0D34599-868F-4CCB-9F41-68D4C65CA4C5}.Debug|x86.Build.0 = Debug|Any CPU
		{A0D34599-868F-4CCB-9F41-68D4C65CA4C5}.Release|Any CPU.ActiveCfg = Release|Any CPU
		{A0D34599-868F-4CCB-9F41-68D4C65CA4C5}.Release|Any CPU.Build.0 = Release|Any CPU
		{A0D34599-868F-4CCB-9F41-68D4C65CA4C5}.Release|x64.ActiveCfg = Release|Any CPU
		{A0D34599-868F-4CCB-9F41-68D4C65CA4C5}.Release|x64.Build.0 = Release|Any CPU
		{A0D34599-868F-4CCB-9F41-68D4C65CA4C5}.Release|x86.ActiveCfg = Release|Any CPU
		{A0D34599-868F-4CCB-9F41-68D4C65CA4C5}.Release|x86.Build.0 = Release|Any CPU
		{6DE5D74D-577E-4097-8634-3E7A4A9FAD79}.Debug|Any CPU.ActiveCfg = Debug|Any CPU
		{6DE5D74D-577E-4097-8634-3E7A4A9FAD79}.Debug|Any CPU.Build.0 = Debug|Any CPU
		{6DE5D74D-577E-4097-8634-3E7A4A9FAD79}.Debug|x64.ActiveCfg = Debug|Any CPU
		{6DE5D74D-577E-4097-8634-3E7A4A9FAD79}.Debug|x64.Build.0 = Debug|Any CPU
		{6DE5D74D-577E-4097-8634-3E7A4A9FAD79}.Debug|x86.ActiveCfg = Debug|Any CPU
		{6DE5D74D-577E-4097-8634-3E7A4A9FAD79}.Debug|x86.Build.0 = Debug|Any CPU
		{6DE5D74D-577E-4097-8634-3E7A4A9FAD79}.Release|Any CPU.ActiveCfg = Release|Any CPU
		{6DE5D74D-577E-4097-8634-3E7A4A9FAD79}.Release|Any CPU.Build.0 = Release|Any CPU
		{6DE5D74D-577E-4097-8634-3E7A4A9FAD79}.Release|x64.ActiveCfg = Release|Any CPU
		{6DE5D74D-577E-4097-8634-3E7A4A9FAD79}.Release|x64.Build.0 = Release|Any CPU
		{6DE5D74D-577E-4097-8634-3E7A4A9FAD79}.Release|x86.ActiveCfg = Release|Any CPU
		{6DE5D74D-577E-4097-8634-3E7A4A9FAD79}.Release|x86.Build.0 = Release|Any CPU
	EndGlobalSection
	GlobalSection(SolutionProperties) = preSolution
		HideSolutionNode = FALSE
	EndGlobalSection
	GlobalSection(NestedProjects) = preSolution
		{4A39513C-B926-47B6-9D52-1D8B35C35F4D} = {4F52FD11-658E-A102-6CD3-7D7C16FFA15B}
		{9DB0CAB9-21AE-D6DD-67A5-CC9FF693AC0D} = {5854FF58-B8C5-05C6-5BF2-ACE42193F22B}
		{D153B9A1-5972-40AB-8A2D-8CBBD25CB291} = {9DB0CAB9-21AE-D6DD-67A5-CC9FF693AC0D}
		{9961A398-E5C8-4A07-B8AF-7F1FFCF49DFF} = {9DB0CAB9-21AE-D6DD-67A5-CC9FF693AC0D}
		{97C467A3-9303-46ED-84AB-6B2BBDA10F7C} = {9DB0CAB9-21AE-D6DD-67A5-CC9FF693AC0D}
		{112B0537-3C00-4DCE-892E-DCA325490461} = {9DB0CAB9-21AE-D6DD-67A5-CC9FF693AC0D}
		{4AC3AB22-1C3A-2441-B628-2DC3996B314D} = {5854FF58-B8C5-05C6-5BF2-ACE42193F22B}
		{94DBB433-C1C5-439B-ACA2-4A8A4508E65A} = {4AC3AB22-1C3A-2441-B628-2DC3996B314D}
		{7909E83D-DFCD-40E4-BA55-96768651C45A} = {4AC3AB22-1C3A-2441-B628-2DC3996B314D}
		{27D485DF-4BD6-4EB4-855B-C4A386254536} = {4AC3AB22-1C3A-2441-B628-2DC3996B314D}
		{489812C1-D9C7-4E0A-851A-EE369259F981} = {4AC3AB22-1C3A-2441-B628-2DC3996B314D}
		{11065C80-8AE5-8186-8FB7-D19F23718753} = {5854FF58-B8C5-05C6-5BF2-ACE42193F22B}
		{71EA43A6-FC99-43FB-A530-A299599FB30F} = {11065C80-8AE5-8186-8FB7-D19F23718753}
		{1F2CFCB1-3158-4081-84A9-D9741CD635EC} = {11065C80-8AE5-8186-8FB7-D19F23718753}
		{E62BB4F8-B24D-4124-B20C-278C75D0567D} = {11065C80-8AE5-8186-8FB7-D19F23718753}
		{1C1AA93E-6BCC-4A1B-A47E-F16FC1588250} = {11065C80-8AE5-8186-8FB7-D19F23718753}
		{6FE0BBF4-0EDE-4DDC-218A-B60C7B77A146} = {5854FF58-B8C5-05C6-5BF2-ACE42193F22B}
		{E8437A15-E890-4DF3-8032-974417C48C2B} = {6FE0BBF4-0EDE-4DDC-218A-B60C7B77A146}
		{59F3FB61-01BD-4BE7-B4E6-6F949DDD438A} = {6FE0BBF4-0EDE-4DDC-218A-B60C7B77A146}
		{8E4CCE80-BA77-48A4-AAFF-E36F3F8906E2} = {6FE0BBF4-0EDE-4DDC-218A-B60C7B77A146}
		{25D7DD61-8ECD-4AD2-AEE9-DDDD6C20A162} = {6FE0BBF4-0EDE-4DDC-218A-B60C7B77A146}
		{B426879A-852C-48CE-A6C7-B0DE1207789A} = {E7BDDBC6-9FD1-D1D7-ACD8-2C4F8E3D2461}
		{5B57F3E4-83C2-47AC-AF35-215A9260213B} = {0AB3BF05-4346-4AA6-1389-037BE0695223}
		{FA80A6FF-9A68-47FE-B0B5-5E2609FD80C7} = {0AB3BF05-4346-4AA6-1389-037BE0695223}
		{A0D34599-868F-4CCB-9F41-68D4C65CA4C5} = {0AB3BF05-4346-4AA6-1389-037BE0695223}
		{6DE5D74D-577E-4097-8634-3E7A4A9FAD79} = {0AB3BF05-4346-4AA6-1389-037BE0695223}
	EndGlobalSection
EndGlobal
